// !$*UTF8*$!
{
	archiveVersion = 1;
	classes = {
	};
	objectVersion = 46;
	objects = {

/* Begin PBXBuildFile section */
		D75545D01DEA749C00FC1113 /* main.m in Sources */ = {isa = PBXBuildFile; fileRef = D75545CF1DEA749C00FC1113 /* main.m */; };
		D75545D31DEA749C00FC1113 /* AppDelegate.m in Sources */ = {isa = PBXBuildFile; fileRef = D75545D21DEA749C00FC1113 /* AppDelegate.m */; };
		D75545D61DEA749C00FC1113 /* ViewController.m in Sources */ = {isa = PBXBuildFile; fileRef = D75545D51DEA749C00FC1113 /* ViewController.m */; };
		D75545D91DEA749C00FC1113 /* Main.storyboard in Resources */ = {isa = PBXBuildFile; fileRef = D75545D71DEA749C00FC1113 /* Main.storyboard */; };
		D75545DB1DEA749C00FC1113 /* Assets.xcassets in Resources */ = {isa = PBXBuildFile; fileRef = D75545DA1DEA749C00FC1113 /* Assets.xcassets */; };
		D75545DE1DEA749C00FC1113 /* LaunchScreen.storyboard in Resources */ = {isa = PBXBuildFile; fileRef = D75545DC1DEA749C00FC1113 /* LaunchScreen.storyboard */; };
		D75545E91DEA749C00FC1113 /* WeFansiOSTests.m in Sources */ = {isa = PBXBuildFile; fileRef = D75545E81DEA749C00FC1113 /* WeFansiOSTests.m */; };
		D75545F41DEA749C00FC1113 /* WeFansiOSUITests.m in Sources */ = {isa = PBXBuildFile; fileRef = D75545F31DEA749C00FC1113 /* WeFansiOSUITests.m */; };
/* End PBXBuildFile section */

/* Begin PBXContainerItemProxy section */
		D75545E51DEA749C00FC1113 /* PBXContainerItemProxy */ = {
			isa = PBXContainerItemProxy;
			containerPortal = D75545C31DEA749C00FC1113 /* Project object */;
			proxyType = 1;
			remoteGlobalIDString = D75545CA1DEA749C00FC1113;
			remoteInfo = WeFansiOS;
		};
		D75545F01DEA749C00FC1113 /* PBXContainerItemProxy */ = {
			isa = PBXContainerItemProxy;
			containerPortal = D75545C31DEA749C00FC1113 /* Project object */;
			proxyType = 1;
			remoteGlobalIDString = D75545CA1DEA749C00FC1113;
			remoteInfo = WeFansiOS;
		};
/* End PBXContainerItemProxy section */

/* Begin PBXFileReference section */
		D75545CB1DEA749C00FC1113 /* WeFansiOS.app */ = {isa = PBXFileReference; explicitFileType = wrapper.application; includeInIndex = 0; path = WeFansiOS.app; sourceTree = BUILT_PRODUCTS_DIR; };
		D75545CF1DEA749C00FC1113 /* main.m */ = {isa = PBXFileReference; lastKnownFileType = sourcecode.c.objc; path = main.m; sourceTree = "<group>"; };
		D75545D11DEA749C00FC1113 /* AppDelegate.h */ = {isa = PBXFileReference; lastKnownFileType = sourcecode.c.h; path = AppDelegate.h; sourceTree = "<group>"; };
		D75545D21DEA749C00FC1113 /* AppDelegate.m */ = {isa = PBXFileReference; lastKnownFileType = sourcecode.c.objc; path = AppDelegate.m; sourceTree = "<group>"; };
		D75545D41DEA749C00FC1113 /* ViewController.h */ = {isa = PBXFileReference; lastKnownFileType = sourcecode.c.h; path = ViewController.h; sourceTree = "<group>"; };
		D75545D51DEA749C00FC1113 /* ViewController.m */ = {isa = PBXFileReference; lastKnownFileType = sourcecode.c.objc; path = ViewController.m; sourceTree = "<group>"; };
		D75545D81DEA749C00FC1113 /* Base */ = {isa = PBXFileReference; lastKnownFileType = file.storyboard; name = Base; path = Base.lproj/Main.storyboard; sourceTree = "<group>"; };
		D75545DA1DEA749C00FC1113 /* Assets.xcassets */ = {isa = PBXFileReference; lastKnownFileType = folder.assetcatalog; path = Assets.xcassets; sourceTree = "<group>"; };
		D75545DD1DEA749C00FC1113 /* Base */ = {isa = PBXFileReference; lastKnownFileType = file.storyboard; name = Base; path = Base.lproj/LaunchScreen.storyboard; sourceTree = "<group>"; };
		D75545DF1DEA749C00FC1113 /* Info.plist */ = {isa = PBXFileReference; lastKnownFileType = text.plist.xml; path = Info.plist; sourceTree = "<group>"; };
		D75545E41DEA749C00FC1113 /* WeFansiOSTests.xctest */ = {isa = PBXFileReference; explicitFileType = wrapper.cfbundle; includeInIndex = 0; path = WeFansiOSTests.xctest; sourceTree = BUILT_PRODUCTS_DIR; };
		D75545E81DEA749C00FC1113 /* WeFansiOSTests.m */ = {isa = PBXFileReference; lastKnownFileType = sourcecode.c.objc; path = WeFansiOSTests.m; sourceTree = "<group>"; };
		D75545EA1DEA749C00FC1113 /* Info.plist */ = {isa = PBXFileReference; lastKnownFileType = text.plist.xml; path = Info.plist; sourceTree = "<group>"; };
		D75545EF1DEA749C00FC1113 /* WeFansiOSUITests.xctest */ = {isa = PBXFileReference; explicitFileType = wrapper.cfbundle; includeInIndex = 0; path = WeFansiOSUITests.xctest; sourceTree = BUILT_PRODUCTS_DIR; };
		D75545F31DEA749C00FC1113 /* WeFansiOSUITests.m */ = {isa = PBXFileReference; lastKnownFileType = sourcecode.c.objc; path = WeFansiOSUITests.m; sourceTree = "<group>"; };
		D75545F51DEA749C00FC1113 /* Info.plist */ = {isa = PBXFileReference; lastKnownFileType = text.plist.xml; path = Info.plist; sourceTree = "<group>"; };
/* End PBXFileReference section */

/* Begin PBXFrameworksBuildPhase section */
		D75545C81DEA749C00FC1113 /* Frameworks */ = {
			isa = PBXFrameworksBuildPhase;
			buildActionMask = 2147483647;
			files = (
			);
			runOnlyForDeploymentPostprocessing = 0;
		};
		D75545E11DEA749C00FC1113 /* Frameworks */ = {
			isa = PBXFrameworksBuildPhase;
			buildActionMask = 2147483647;
			files = (
			);
			runOnlyForDeploymentPostprocessing = 0;
		};
		D75545EC1DEA749C00FC1113 /* Frameworks */ = {
			isa = PBXFrameworksBuildPhase;
			buildActionMask = 2147483647;
			files = (
			);
			runOnlyForDeploymentPostprocessing = 0;
		};
/* End PBXFrameworksBuildPhase section */

/* Begin PBXGroup section */
		D75545C21DEA749C00FC1113 = {
			isa = PBXGroup;
			children = (
				D75545CD1DEA749C00FC1113 /* WeFansiOS */,
				D75545E71DEA749C00FC1113 /* WeFansiOSTests */,
				D75545F21DEA749C00FC1113 /* WeFansiOSUITests */,
				D75545CC1DEA749C00FC1113 /* Products */,
			);
			sourceTree = "<group>";
		};
		D75545CC1DEA749C00FC1113 /* Products */ = {
			isa = PBXGroup;
			children = (
				D75545CB1DEA749C00FC1113 /* WeFansiOS.app */,
				D75545E41DEA749C00FC1113 /* WeFansiOSTests.xctest */,
				D75545EF1DEA749C00FC1113 /* WeFansiOSUITests.xctest */,
			);
			name = Products;
			sourceTree = "<group>";
		};
		D75545CD1DEA749C00FC1113 /* WeFansiOS */ = {
			isa = PBXGroup;
			children = (
				D75545D11DEA749C00FC1113 /* AppDelegate.h */,
				D75545D21DEA749C00FC1113 /* AppDelegate.m */,
				D75545D41DEA749C00FC1113 /* ViewController.h */,
				D75545D51DEA749C00FC1113 /* ViewController.m */,
				D75545D71DEA749C00FC1113 /* Main.storyboard */,
				D75545DA1DEA749C00FC1113 /* Assets.xcassets */,
				D75545DC1DEA749C00FC1113 /* LaunchScreen.storyboard */,
				D75545DF1DEA749C00FC1113 /* Info.plist */,
				D75545CE1DEA749C00FC1113 /* Supporting Files */,
			);
			path = WeFansiOS;
			sourceTree = "<group>";
		};
		D75545CE1DEA749C00FC1113 /* Supporting Files */ = {
			isa = PBXGroup;
			children = (
				D75545CF1DEA749C00FC1113 /* main.m */,
			);
			name = "Supporting Files";
			sourceTree = "<group>";
		};
		D75545E71DEA749C00FC1113 /* WeFansiOSTests */ = {
			isa = PBXGroup;
			children = (
				D75545E81DEA749C00FC1113 /* WeFansiOSTests.m */,
				D75545EA1DEA749C00FC1113 /* Info.plist */,
			);
			path = WeFansiOSTests;
			sourceTree = "<group>";
		};
		D75545F21DEA749C00FC1113 /* WeFansiOSUITests */ = {
			isa = PBXGroup;
			children = (
				D75545F31DEA749C00FC1113 /* WeFansiOSUITests.m */,
				D75545F51DEA749C00FC1113 /* Info.plist */,
			);
			path = WeFansiOSUITests;
			sourceTree = "<group>";
		};
/* End PBXGroup section */

/* Begin PBXNativeTarget section */
		D75545CA1DEA749C00FC1113 /* WeFansiOS */ = {
			isa = PBXNativeTarget;
			buildConfigurationList = D75545F81DEA749C00FC1113 /* Build configuration list for PBXNativeTarget "WeFansiOS" */;
			buildPhases = (
				D75545C71DEA749C00FC1113 /* Sources */,
				D75545C81DEA749C00FC1113 /* Frameworks */,
				D75545C91DEA749C00FC1113 /* Resources */,
			);
			buildRules = (
			);
			dependencies = (
			);
			name = WeFansiOS;
			productName = WeFansiOS;
			productReference = D75545CB1DEA749C00FC1113 /* WeFansiOS.app */;
			productType = "com.apple.product-type.application";
		};
		D75545E31DEA749C00FC1113 /* WeFansiOSTests */ = {
			isa = PBXNativeTarget;
			buildConfigurationList = D75545FB1DEA749C00FC1113 /* Build configuration list for PBXNativeTarget "WeFansiOSTests" */;
			buildPhases = (
				D75545E01DEA749C00FC1113 /* Sources */,
				D75545E11DEA749C00FC1113 /* Frameworks */,
				D75545E21DEA749C00FC1113 /* Resources */,
			);
			buildRules = (
			);
			dependencies = (
				D75545E61DEA749C00FC1113 /* PBXTargetDependency */,
			);
			name = WeFansiOSTests;
			productName = WeFansiOSTests;
			productReference = D75545E41DEA749C00FC1113 /* WeFansiOSTests.xctest */;
			productType = "com.apple.product-type.bundle.unit-test";
		};
		D75545EE1DEA749C00FC1113 /* WeFansiOSUITests */ = {
			isa = PBXNativeTarget;
			buildConfigurationList = D75545FE1DEA749C00FC1113 /* Build configuration list for PBXNativeTarget "WeFansiOSUITests" */;
			buildPhases = (
				D75545EB1DEA749C00FC1113 /* Sources */,
				D75545EC1DEA749C00FC1113 /* Frameworks */,
				D75545ED1DEA749C00FC1113 /* Resources */,
			);
			buildRules = (
			);
			dependencies = (
				D75545F11DEA749C00FC1113 /* PBXTargetDependency */,
			);
			name = WeFansiOSUITests;
			productName = WeFansiOSUITests;
			productReference = D75545EF1DEA749C00FC1113 /* WeFansiOSUITests.xctest */;
			productType = "com.apple.product-type.bundle.ui-testing";
		};
/* End PBXNativeTarget section */

/* Begin PBXProject section */
		D75545C31DEA749C00FC1113 /* Project object */ = {
			isa = PBXProject;
			attributes = {
				LastUpgradeCheck = 0810;
				ORGANIZATIONNAME = "秦建伟";
				TargetAttributes = {
					D75545CA1DEA749C00FC1113 = {
						CreatedOnToolsVersion = 8.1;
						ProvisioningStyle = Automatic;
					};
					D75545E31DEA749C00FC1113 = {
						CreatedOnToolsVersion = 8.1;
						ProvisioningStyle = Automatic;
						TestTargetID = D75545CA1DEA749C00FC1113;
					};
					D75545EE1DEA749C00FC1113 = {
						CreatedOnToolsVersion = 8.1;
						ProvisioningStyle = Automatic;
						TestTargetID = D75545CA1DEA749C00FC1113;
					};
				};
			};
			buildConfigurationList = D75545C61DEA749C00FC1113 /* Build configuration list for PBXProject "WeFansiOS" */;
			compatibilityVersion = "Xcode 3.2";
			developmentRegion = English;
			hasScannedForEncodings = 0;
			knownRegions = (
				en,
				Base,
			);
			mainGroup = D75545C21DEA749C00FC1113;
			productRefGroup = D75545CC1DEA749C00FC1113 /* Products */;
			projectDirPath = "";
			projectRoot = "";
			targets = (
				D75545CA1DEA749C00FC1113 /* WeFansiOS */,
				D75545E31DEA749C00FC1113 /* WeFansiOSTests */,
				D75545EE1DEA749C00FC1113 /* WeFansiOSUITests */,
			);
		};
/* End PBXProject section */

/* Begin PBXResourcesBuildPhase section */
		D75545C91DEA749C00FC1113 /* Resources */ = {
			isa = PBXResourcesBuildPhase;
			buildActionMask = 2147483647;
			files = (
				D75545DE1DEA749C00FC1113 /* LaunchScreen.storyboard in Resources */,
				D75545DB1DEA749C00FC1113 /* Assets.xcassets in Resources */,
				D75545D91DEA749C00FC1113 /* Main.storyboard in Resources */,
			);
			runOnlyForDeploymentPostprocessing = 0;
		};
		D75545E21DEA749C00FC1113 /* Resources */ = {
			isa = PBXResourcesBuildPhase;
			buildActionMask = 2147483647;
			files = (
			);
			runOnlyForDeploymentPostprocessing = 0;
		};
		D75545ED1DEA749C00FC1113 /* Resources */ = {
			isa = PBXResourcesBuildPhase;
			buildActionMask = 2147483647;
			files = (
			);
			runOnlyForDeploymentPostprocessing = 0;
		};
/* End PBXResourcesBuildPhase section */

/* Begin PBXSourcesBuildPhase section */
		D75545C71DEA749C00FC1113 /* Sources */ = {
			isa = PBXSourcesBuildPhase;
			buildActionMask = 2147483647;
			files = (
				D75545D61DEA749C00FC1113 /* ViewController.m in Sources */,
				D75545D31DEA749C00FC1113 /* AppDelegate.m in Sources */,
				D75545D01DEA749C00FC1113 /* main.m in Sources */,
			);
			runOnlyForDeploymentPostprocessing = 0;
		};
		D75545E01DEA749C00FC1113 /* Sources */ = {
			isa = PBXSourcesBuildPhase;
			buildActionMask = 2147483647;
			files = (
				D75545E91DEA749C00FC1113 /* WeFansiOSTests.m in Sources */,
			);
			runOnlyForDeploymentPostprocessing = 0;
		};
		D75545EB1DEA749C00FC1113 /* Sources */ = {
			isa = PBXSourcesBuildPhase;
			buildActionMask = 2147483647;
			files = (
				D75545F41DEA749C00FC1113 /* WeFansiOSUITests.m in Sources */,
			);
			runOnlyForDeploymentPostprocessing = 0;
		};
/* End PBXSourcesBuildPhase section */

/* Begin PBXTargetDependency section */
		D75545E61DEA749C00FC1113 /* PBXTargetDependency */ = {
			isa = PBXTargetDependency;
			target = D75545CA1DEA749C00FC1113 /* WeFansiOS */;
			targetProxy = D75545E51DEA749C00FC1113 /* PBXContainerItemProxy */;
		};
		D75545F11DEA749C00FC1113 /* PBXTargetDependency */ = {
			isa = PBXTargetDependency;
			target = D75545CA1DEA749C00FC1113 /* WeFansiOS */;
			targetProxy = D75545F01DEA749C00FC1113 /* PBXContainerItemProxy */;
		};
/* End PBXTargetDependency section */

/* Begin PBXVariantGroup section */
		D75545D71DEA749C00FC1113 /* Main.storyboard */ = {
			isa = PBXVariantGroup;
			children = (
				D75545D81DEA749C00FC1113 /* Base */,
			);
			name = Main.storyboard;
			sourceTree = "<group>";
		};
		D75545DC1DEA749C00FC1113 /* LaunchScreen.storyboard */ = {
			isa = PBXVariantGroup;
			children = (
				D75545DD1DEA749C00FC1113 /* Base */,
			);
			name = LaunchScreen.storyboard;
			sourceTree = "<group>";
		};
/* End PBXVariantGroup section */

/* Begin XCBuildConfiguration section */
		D75545F61DEA749C00FC1113 /* Debug */ = {
			isa = XCBuildConfiguration;
			buildSettings = {
				ALWAYS_SEARCH_USER_PATHS = NO;
				CLANG_ANALYZER_NONNULL = YES;
				CLANG_CXX_LANGUAGE_STANDARD = "gnu++0x";
				CLANG_CXX_LIBRARY = "libc++";
				CLANG_ENABLE_MODULES = YES;
				CLANG_ENABLE_OBJC_ARC = YES;
				CLANG_WARN_BOOL_CONVERSION = YES;
				CLANG_WARN_CONSTANT_CONVERSION = YES;
				CLANG_WARN_DIRECT_OBJC_ISA_USAGE = YES_ERROR;
				CLANG_WARN_DOCUMENTATION_COMMENTS = YES;
				CLANG_WARN_EMPTY_BODY = YES;
				CLANG_WARN_ENUM_CONVERSION = YES;
				CLANG_WARN_INFINITE_RECURSION = YES;
				CLANG_WARN_INT_CONVERSION = YES;
				CLANG_WARN_OBJC_ROOT_CLASS = YES_ERROR;
				CLANG_WARN_SUSPICIOUS_MOVES = YES;
				CLANG_WARN_UNREACHABLE_CODE = YES;
				CLANG_WARN__DUPLICATE_METHOD_MATCH = YES;
				"CODE_SIGN_IDENTITY[sdk=iphoneos*]" = "iPhone Developer";
				COPY_PHASE_STRIP = NO;
				DEBUG_INFORMATION_FORMAT = dwarf;
				ENABLE_STRICT_OBJC_MSGSEND = YES;
				ENABLE_TESTABILITY = YES;
				GCC_C_LANGUAGE_STANDARD = gnu99;
				GCC_DYNAMIC_NO_PIC = NO;
				GCC_NO_COMMON_BLOCKS = YES;
				GCC_OPTIMIZATION_LEVEL = 0;
				GCC_PREPROCESSOR_DEFINITIONS = (
					"DEBUG=1",
					"$(inherited)",
				);
				GCC_WARN_64_TO_32_BIT_CONVERSION = YES;
				GCC_WARN_ABOUT_RETURN_TYPE = YES_ERROR;
				GCC_WARN_UNDECLARED_SELECTOR = YES;
				GCC_WARN_UNINITIALIZED_AUTOS = YES_AGGRESSIVE;
				GCC_WARN_UNUSED_FUNCTION = YES;
				GCC_WARN_UNUSED_VARIABLE = YES;
				IPHONEOS_DEPLOYMENT_TARGET = 10.1;
				MTL_ENABLE_DEBUG_INFO = YES;
				ONLY_ACTIVE_ARCH = YES;
				SDKROOT = iphoneos;
				TARGETED_DEVICE_FAMILY = "1,2";
			};
			name = Debug;
		};
		D75545F71DEA749C00FC1113 /* Release */ = {
			isa = XCBuildConfiguration;
			buildSettings = {
				ALWAYS_SEARCH_USER_PATHS = NO;
				CLANG_ANALYZER_NONNULL = YES;
				CLANG_CXX_LANGUAGE_STANDARD = "gnu++0x";
				CLANG_CXX_LIBRARY = "libc++";
				CLANG_ENABLE_MODULES = YES;
				CLANG_ENABLE_OBJC_ARC = YES;
				CLANG_WARN_BOOL_CONVERSION = YES;
				CLANG_WARN_CONSTANT_CONVERSION = YES;
				CLANG_WARN_DIRECT_OBJC_ISA_USAGE = YES_ERROR;
				CLANG_WARN_DOCUMENTATION_COMMENTS = YES;
				CLANG_WARN_EMPTY_BODY = YES;
				CLANG_WARN_ENUM_CONVERSION = YES;
				CLANG_WARN_INFINITE_RECURSION = YES;
				CLANG_WARN_INT_CONVERSION = YES;
				CLANG_WARN_OBJC_ROOT_CLASS = YES_ERROR;
				CLANG_WARN_SUSPICIOUS_MOVES = YES;
				CLANG_WARN_UNREACHABLE_CODE = YES;
				CLANG_WARN__DUPLICATE_METHOD_MATCH = YES;
				"CODE_SIGN_IDENTITY[sdk=iphoneos*]" = "iPhone Developer";
				COPY_PHASE_STRIP = NO;
				DEBUG_INFORMATION_FORMAT = "dwarf-with-dsym";
				ENABLE_NS_ASSERTIONS = NO;
				ENABLE_STRICT_OBJC_MSGSEND = YES;
				GCC_C_LANGUAGE_STANDARD = gnu99;
				GCC_NO_COMMON_BLOCKS = YES;
				GCC_WARN_64_TO_32_BIT_CONVERSION = YES;
				GCC_WARN_ABOUT_RETURN_TYPE = YES_ERROR;
				GCC_WARN_UNDECLARED_SELECTOR = YES;
				GCC_WARN_UNINITIALIZED_AUTOS = YES_AGGRESSIVE;
				GCC_WARN_UNUSED_FUNCTION = YES;
				GCC_WARN_UNUSED_VARIABLE = YES;
				IPHONEOS_DEPLOYMENT_TARGET = 10.1;
				MTL_ENABLE_DEBUG_INFO = NO;
				SDKROOT = iphoneos;
				TARGETED_DEVICE_FAMILY = "1,2";
				VALIDATE_PRODUCT = YES;
			};
			name = Release;
		};
		D75545F91DEA749C00FC1113 /* Debug */ = {
			isa = XCBuildConfiguration;
			buildSettings = {
				ASSETCATALOG_COMPILER_APPICON_NAME = AppIcon;
				INFOPLIST_FILE = WeFansiOS/Info.plist;
				LD_RUNPATH_SEARCH_PATHS = "$(inherited) @executable_path/Frameworks";
				PRODUCT_BUNDLE_IDENTIFIER = com.WeFansiOS;
				PRODUCT_NAME = "$(TARGET_NAME)";
			};
			name = Debug;
		};
		D75545FA1DEA749C00FC1113 /* Release */ = {
			isa = XCBuildConfiguration;
			buildSettings = {
				ASSETCATALOG_COMPILER_APPICON_NAME = AppIcon;
				INFOPLIST_FILE = WeFansiOS/Info.plist;
				LD_RUNPATH_SEARCH_PATHS = "$(inherited) @executable_path/Frameworks";
				PRODUCT_BUNDLE_IDENTIFIER = com.WeFansiOS;
				PRODUCT_NAME = "$(TARGET_NAME)";
			};
			name = Release;
		};
		D75545FC1DEA749C00FC1113 /* Debug */ = {
			isa = XCBuildConfiguration;
			buildSettings = {
				BUNDLE_LOADER = "$(TEST_HOST)";
				INFOPLIST_FILE = WeFansiOSTests/Info.plist;
				LD_RUNPATH_SEARCH_PATHS = "$(inherited) @executable_path/Frameworks @loader_path/Frameworks";
				PRODUCT_BUNDLE_IDENTIFIER = com.WeFansiOSTests;
				PRODUCT_NAME = "$(TARGET_NAME)";
				TEST_HOST = "$(BUILT_PRODUCTS_DIR)/WeFansiOS.app/WeFansiOS";
			};
			name = Debug;
		};
		D75545FD1DEA749C00FC1113 /* Release */ = {
			isa = XCBuildConfiguration;
			buildSettings = {
				BUNDLE_LOADER = "$(TEST_HOST)";
				INFOPLIST_FILE = WeFansiOSTests/Info.plist;
				LD_RUNPATH_SEARCH_PATHS = "$(inherited) @executable_path/Frameworks @loader_path/Frameworks";
				PRODUCT_BUNDLE_IDENTIFIER = com.WeFansiOSTests;
				PRODUCT_NAME = "$(TARGET_NAME)";
				TEST_HOST = "$(BUILT_PRODUCTS_DIR)/WeFansiOS.app/WeFansiOS";
			};
			name = Release;
		};
		D75545FF1DEA749C00FC1113 /* Debug */ = {
			isa = XCBuildConfiguration;
			buildSettings = {
				INFOPLIST_FILE = WeFansiOSUITests/Info.plist;
				LD_RUNPATH_SEARCH_PATHS = "$(inherited) @executable_path/Frameworks @loader_path/Frameworks";
				PRODUCT_BUNDLE_IDENTIFIER = com.WeFansiOSUITests;
				PRODUCT_NAME = "$(TARGET_NAME)";
				TEST_TARGET_NAME = WeFansiOS;
			};
			name = Debug;
		};
		D75546001DEA749C00FC1113 /* Release */ = {
			isa = XCBuildConfiguration;
			buildSettings = {
				INFOPLIST_FILE = WeFansiOSUITests/Info.plist;
				LD_RUNPATH_SEARCH_PATHS = "$(inherited) @executable_path/Frameworks @loader_path/Frameworks";
				PRODUCT_BUNDLE_IDENTIFIER = com.WeFansiOSUITests;
				PRODUCT_NAME = "$(TARGET_NAME)";
				TEST_TARGET_NAME = WeFansiOS;
			};
			name = Release;
		};
/* End XCBuildConfiguration section */

/* Begin XCConfigurationList section */
		D75545C61DEA749C00FC1113 /* Build configuration list for PBXProject "WeFansiOS" */ = {
			isa = XCConfigurationList;
			buildConfigurations = (
				D75545F61DEA749C00FC1113 /* Debug */,
				D75545F71DEA749C00FC1113 /* Release */,
			);
			defaultConfigurationIsVisible = 0;
			defaultConfigurationName = Release;
		};
		D75545F81DEA749C00FC1113 /* Build configuration list for PBXNativeTarget "WeFansiOS" */ = {
			isa = XCConfigurationList;
			buildConfigurations = (
				D75545F91DEA749C00FC1113 /* Debug */,
				D75545FA1DEA749C00FC1113 /* Release */,
			);
			defaultConfigurationIsVisible = 0;
		};
		D75545FB1DEA749C00FC1113 /* Build configuration list for PBXNativeTarget "WeFansiOSTests" */ = {
			isa = XCConfigurationList;
			buildConfigurations = (
				D75545FC1DEA749C00FC1113 /* Debug */,
				D75545FD1DEA749C00FC1113 /* Release */,
			);
			defaultConfigurationIsVisible = 0;
		};
		D75545FE1DEA749C00FC1113 /* Build configuration list for PBXNativeTarget "WeFansiOSUITests" */ = {
			isa = XCConfigurationList;
			buildConfigurations = (
				D75545FF1DEA749C00FC1113 /* Debug */,
				D75546001DEA749C00FC1113 /* Release */,
			);
			defaultConfigurationIsVisible = 0;
		};
/* End XCConfigurationList section */
	};
	rootObject = D75545C31DEA749C00FC1113 /* Project object */;
}
